
Microsoft Visual Studio Solution File, Format Version 12.00
# Visual Studio Version 17
VisualStudioVersion = 17.9.34728.123
MinimumVisualStudioVersion = 10.0.40219.1
Project("{2150E333-8FDC-42A3-9474-1A3956D46DE8}") = "1-Libraries", "1-Libraries", "{6AFFBFB8-5676-44A8-AF1F-2064024AA5E0}"
EndProject
Project("{2150E333-8FDC-42A3-9474-1A3956D46DE8}") = "3-Tests", "3-Tests", "{B80E3BAF-467C-4D33-8A7E-C2683B6852B4}"
EndProject
Project("{9A19103F-16F7-4668-BE54-9A1E7A4F7556}") = "Domain", "src\1-Libraries\Domain\Domain.csproj", "{13BBC3DA-16F0-4F91-9600-39E9E62749A0}"
EndProject
Project("{9A19103F-16F7-4668-BE54-9A1E7A4F7556}") = "Application", "src\1-Libraries\Application\Application.csproj", "{CBDA4CA3-B21C-4525-9C54-83A45AC014A0}"
EndProject
Project("{9A19103F-16F7-4668-BE54-9A1E7A4F7556}") = "Web", "src\1-Libraries\Web\Web.csproj", "{D1A3CDC5-343F-4237-97AB-786502CCF928}"
EndProject
Project("{9A19103F-16F7-4668-BE54-9A1E7A4F7556}") = "Infrastructure", "src\1-Libraries\Infrastructure\Infrastructure.csproj", "{79DB52CF-8FAE-4DB6-A454-54D9CB5CD6AD}"
EndProject
Project("{9A19103F-16F7-4668-BE54-9A1E7A4F7556}") = "Core", "src\1-Libraries\Core\Core.csproj", "{490CB7D8-D643-4BB6-AC1C-2E3745F2D257}"
EndProject
Project("{2150E333-8FDC-42A3-9474-1A3956D46DE8}") = "4-Examples", "4-Examples", "{2588A76E-DF3E-4429-8DD5-669E4C1411B8}"
EndProject
Project("{9A19103F-16F7-4668-BE54-9A1E7A4F7556}") = "BlazorServerApp", "src\4-Examples\BlazorServerApp\BlazorServerApp.csproj", "{166417E7-89CA-486D-A5A9-7ED65B8B8579}"
EndProject
Project("{2150E333-8FDC-42A3-9474-1A3956D46DE8}") = "5-Build", "5-Build", "{58919C84-A426-40F9-85C3-8BFF52AA0E45}"
EndProject
Project("{9A19103F-16F7-4668-BE54-9A1E7A4F7556}") = "Build", "src\4-Build\Build.csproj", "{AEF55F97-DA32-4318-A6FC-A6C02C28B1AA}"
EndProject
Project("{9A19103F-16F7-4668-BE54-9A1E7A4F7556}") = "WebApiApp", "src\4-Examples\WebApiApp\WebApiApp.csproj", "{4856AFCF-948C-4DCC-9E9D-0A229F3E95AB}"
EndProject
Project("{9A19103F-16F7-4668-BE54-9A1E7A4F7556}") = "MvcApp", "src\4-Examples\MvcApp\MvcApp.csproj", "{99A574AB-93EF-4C85-858E-11C44DC31123}"
EndProject
Project("{9A19103F-16F7-4668-BE54-9A1E7A4F7556}") = "Core.Unit.Tests", "src\3-Tests\Core.Unit.Tests\Core.Unit.Tests.csproj", "{F3F5A6FF-F685-4A1D-AA81-D789659606B8}"
EndProject
Project("{9A19103F-16F7-4668-BE54-9A1E7A4F7556}") = "Test", "src\1-Libraries\Test\Test.csproj", "{4FB29283-0A05-4004-859D-464F3F7628B4}"
EndProject
Project("{9A19103F-16F7-4668-BE54-9A1E7A4F7556}") = "Domain.Unit.Tests", "src\3-Tests\Domain.Unit.Tests\Domain.Unit.Tests.csproj", "{0D0D8E9D-9E92-4EF8-8CB7-50874F8E8791}"
EndProject
Project("{2150E333-8FDC-42A3-9474-1A3956D46DE8}") = "2-Modules", "2-Modules", "{DA6EB0D9-7F64-40D0-B03A-73DA02215FBA}"
EndProject
Project("{9A19103F-16F7-4668-BE54-9A1E7A4F7556}") = "Authorization", "src\2-Modules\Authorization\Authorization.csproj", "{9D005E5A-BFC9-4EDD-9D07-D2FC229D8294}"
EndProject
Project("{FAE04EC0-301F-11D3-BF4B-00C04F79EFBC}") = "Web.Components", "src\1-Libraries\Web.Components\Web.Components.csproj", "{1C345656-EFBF-4AC9-991F-A6FB09AADCB3}"
EndProject
Global
	GlobalSection(SolutionConfigurationPlatforms) = preSolution
		Debug|Any CPU = Debug|Any CPU
		Release|Any CPU = Release|Any CPU
	EndGlobalSection
	GlobalSection(ProjectConfigurationPlatforms) = postSolution
		{13BBC3DA-16F0-4F91-9600-39E9E62749A0}.Debug|Any CPU.ActiveCfg = Debug|Any CPU
		{13BBC3DA-16F0-4F91-9600-39E9E62749A0}.Debug|Any CPU.Build.0 = Debug|Any CPU
		{13BBC3DA-16F0-4F91-9600-39E9E62749A0}.Release|Any CPU.ActiveCfg = Release|Any CPU
		{13BBC3DA-16F0-4F91-9600-39E9E62749A0}.Release|Any CPU.Build.0 = Release|Any CPU
		{CBDA4CA3-B21C-4525-9C54-83A45AC014A0}.Debug|Any CPU.ActiveCfg = Debug|Any CPU
		{CBDA4CA3-B21C-4525-9C54-83A45AC014A0}.Debug|Any CPU.Build.0 = Debug|Any CPU
		{CBDA4CA3-B21C-4525-9C54-83A45AC014A0}.Release|Any CPU.ActiveCfg = Release|Any CPU
		{CBDA4CA3-B21C-4525-9C54-83A45AC014A0}.Release|Any CPU.Build.0 = Release|Any CPU
		{D1A3CDC5-343F-4237-97AB-786502CCF928}.Debug|Any CPU.ActiveCfg = Debug|Any CPU
		{D1A3CDC5-343F-4237-97AB-786502CCF928}.Debug|Any CPU.Build.0 = Debug|Any CPU
		{D1A3CDC5-343F-4237-97AB-786502CCF928}.Release|Any CPU.ActiveCfg = Release|Any CPU
		{D1A3CDC5-343F-4237-97AB-786502CCF928}.Release|Any CPU.Build.0 = Release|Any CPU
		{79DB52CF-8FAE-4DB6-A454-54D9CB5CD6AD}.Debug|Any CPU.ActiveCfg = Debug|Any CPU
		{79DB52CF-8FAE-4DB6-A454-54D9CB5CD6AD}.Debug|Any CPU.Build.0 = Debug|Any CPU
		{79DB52CF-8FAE-4DB6-A454-54D9CB5CD6AD}.Release|Any CPU.ActiveCfg = Release|Any CPU
		{79DB52CF-8FAE-4DB6-A454-54D9CB5CD6AD}.Release|Any CPU.Build.0 = Release|Any CPU
		{490CB7D8-D643-4BB6-AC1C-2E3745F2D257}.Debug|Any CPU.ActiveCfg = Debug|Any CPU
		{490CB7D8-D643-4BB6-AC1C-2E3745F2D257}.Debug|Any CPU.Build.0 = Debug|Any CPU
		{490CB7D8-D643-4BB6-AC1C-2E3745F2D257}.Release|Any CPU.ActiveCfg = Release|Any CPU
		{490CB7D8-D643-4BB6-AC1C-2E3745F2D257}.Release|Any CPU.Build.0 = Release|Any CPU
		{166417E7-89CA-486D-A5A9-7ED65B8B8579}.Debug|Any CPU.ActiveCfg = Debug|Any CPU
		{166417E7-89CA-486D-A5A9-7ED65B8B8579}.Debug|Any CPU.Build.0 = Debug|Any CPU
		{166417E7-89CA-486D-A5A9-7ED65B8B8579}.Release|Any CPU.ActiveCfg = Release|Any CPU
		{166417E7-89CA-486D-A5A9-7ED65B8B8579}.Release|Any CPU.Build.0 = Release|Any CPU
		{AEF55F97-DA32-4318-A6FC-A6C02C28B1AA}.Debug|Any CPU.ActiveCfg = Debug|Any CPU
		{AEF55F97-DA32-4318-A6FC-A6C02C28B1AA}.Debug|Any CPU.Build.0 = Debug|Any CPU
		{AEF55F97-DA32-4318-A6FC-A6C02C28B1AA}.Release|Any CPU.ActiveCfg = Release|Any CPU
		{AEF55F97-DA32-4318-A6FC-A6C02C28B1AA}.Release|Any CPU.Build.0 = Release|Any CPU
		{4856AFCF-948C-4DCC-9E9D-0A229F3E95AB}.Debug|Any CPU.ActiveCfg = Debug|Any CPU
		{4856AFCF-948C-4DCC-9E9D-0A229F3E95AB}.Debug|Any CPU.Build.0 = Debug|Any CPU
		{4856AFCF-948C-4DCC-9E9D-0A229F3E95AB}.Release|Any CPU.ActiveCfg = Release|Any CPU
		{4856AFCF-948C-4DCC-9E9D-0A229F3E95AB}.Release|Any CPU.Build.0 = Release|Any CPU
		{99A574AB-93EF-4C85-858E-11C44DC31123}.Debug|Any CPU.ActiveCfg = Debug|Any CPU
		{99A574AB-93EF-4C85-858E-11C44DC31123}.Debug|Any CPU.Build.0 = Debug|Any CPU
		{99A574AB-93EF-4C85-858E-11C44DC31123}.Release|Any CPU.ActiveCfg = Release|Any CPU
		{99A574AB-93EF-4C85-858E-11C44DC31123}.Release|Any CPU.Build.0 = Release|Any CPU
		{F3F5A6FF-F685-4A1D-AA81-D789659606B8}.Debug|Any CPU.ActiveCfg = Debug|Any CPU
		{F3F5A6FF-F685-4A1D-AA81-D789659606B8}.Debug|Any CPU.Build.0 = Debug|Any CPU
		{F3F5A6FF-F685-4A1D-AA81-D789659606B8}.Release|Any CPU.ActiveCfg = Release|Any CPU
		{F3F5A6FF-F685-4A1D-AA81-D789659606B8}.Release|Any CPU.Build.0 = Release|Any CPU
		{4FB29283-0A05-4004-859D-464F3F7628B4}.Debug|Any CPU.ActiveCfg = Debug|Any CPU
		{4FB29283-0A05-4004-859D-464F3F7628B4}.Debug|Any CPU.Build.0 = Debug|Any CPU
		{4FB29283-0A05-4004-859D-464F3F7628B4}.Release|Any CPU.ActiveCfg = Release|Any CPU
		{4FB29283-0A05-4004-859D-464F3F7628B4}.Release|Any CPU.Build.0 = Release|Any CPU
		{0D0D8E9D-9E92-4EF8-8CB7-50874F8E8791}.Debug|Any CPU.ActiveCfg = Debug|Any CPU
		{0D0D8E9D-9E92-4EF8-8CB7-50874F8E8791}.Debug|Any CPU.Build.0 = Debug|Any CPU
		{0D0D8E9D-9E92-4EF8-8CB7-50874F8E8791}.Release|Any CPU.ActiveCfg = Release|Any CPU
		{0D0D8E9D-9E92-4EF8-8CB7-50874F8E8791}.Release|Any CPU.Build.0 = Release|Any CPU
		{9D005E5A-BFC9-4EDD-9D07-D2FC229D8294}.Debug|Any CPU.ActiveCfg = Debug|Any CPU
		{9D005E5A-BFC9-4EDD-9D07-D2FC229D8294}.Debug|Any CPU.Build.0 = Debug|Any CPU
		{9D005E5A-BFC9-4EDD-9D07-D2FC229D8294}.Release|Any CPU.ActiveCfg = Release|Any CPU
		{9D005E5A-BFC9-4EDD-9D07-D2FC229D8294}.Release|Any CPU.Build.0 = Release|Any CPU
		{1C345656-EFBF-4AC9-991F-A6FB09AADCB3}.Debug|Any CPU.ActiveCfg = Debug|Any CPU
		{1C345656-EFBF-4AC9-991F-A6FB09AADCB3}.Debug|Any CPU.Build.0 = Debug|Any CPU
		{1C345656-EFBF-4AC9-991F-A6FB09AADCB3}.Release|Any CPU.ActiveCfg = Release|Any CPU
		{1C345656-EFBF-4AC9-991F-A6FB09AADCB3}.Release|Any CPU.Build.0 = Release|Any CPU
	EndGlobalSection
	GlobalSection(SolutionProperties) = preSolution
		HideSolutionNode = FALSE
	EndGlobalSection
	GlobalSection(NestedProjects) = preSolution
		{13BBC3DA-16F0-4F91-9600-39E9E62749A0} = {6AFFBFB8-5676-44A8-AF1F-2064024AA5E0}
		{CBDA4CA3-B21C-4525-9C54-83A45AC014A0} = {6AFFBFB8-5676-44A8-AF1F-2064024AA5E0}
		{D1A3CDC5-343F-4237-97AB-786502CCF928} = {6AFFBFB8-5676-44A8-AF1F-2064024AA5E0}
		{79DB52CF-8FAE-4DB6-A454-54D9CB5CD6AD} = {6AFFBFB8-5676-44A8-AF1F-2064024AA5E0}
		{490CB7D8-D643-4BB6-AC1C-2E3745F2D257} = {6AFFBFB8-5676-44A8-AF1F-2064024AA5E0}
		{166417E7-89CA-486D-A5A9-7ED65B8B8579} = {2588A76E-DF3E-4429-8DD5-669E4C1411B8}
		{AEF55F97-DA32-4318-A6FC-A6C02C28B1AA} = {58919C84-A426-40F9-85C3-8BFF52AA0E45}
		{4856AFCF-948C-4DCC-9E9D-0A229F3E95AB} = {2588A76E-DF3E-4429-8DD5-669E4C1411B8}
		{99A574AB-93EF-4C85-858E-11C44DC31123} = {2588A76E-DF3E-4429-8DD5-669E4C1411B8}
		{F3F5A6FF-F685-4A1D-AA81-D789659606B8} = {B80E3BAF-467C-4D33-8A7E-C2683B6852B4}
		{4FB29283-0A05-4004-859D-464F3F7628B4} = {6AFFBFB8-5676-44A8-AF1F-2064024AA5E0}
		{0D0D8E9D-9E92-4EF8-8CB7-50874F8E8791} = {B80E3BAF-467C-4D33-8A7E-C2683B6852B4}
		{9D005E5A-BFC9-4EDD-9D07-D2FC229D8294} = {DA6EB0D9-7F64-40D0-B03A-73DA02215FBA}
		{1C345656-EFBF-4AC9-991F-A6FB09AADCB3} = {6AFFBFB8-5676-44A8-AF1F-2064024AA5E0}
	EndGlobalSection
	GlobalSection(ExtensibilityGlobals) = postSolution
		SolutionGuid = {9795EC38-7005-4557-84E7-50C30FA258AC}
	EndGlobalSection
EndGlobal
